
Microsoft Visual Studio Solution File, Format Version 12.00
# Visual Studio Version 17
VisualStudioVersion = 17.0.32014.148
MinimumVisualStudioVersion = 10.0.40219.1
Project("{9A19103F-16F7-4668-BE54-9A1E7A4F7556}") = "MoneyPlanning.Api", "MoneyPlanning.Api\MoneyPlanning.Api.csproj", "{0F76436E-59E7-4CAA-B930-74851CCFB4CA}"
EndProject
Project("{FAE04EC0-301F-11D3-BF4B-00C04F79EFBC}") = "MoneyPlanning.Models", "MoneyPlanning.Models\MoneyPlanning.Models.csproj", "{E395E77D-DB2B-4338-B9B6-080608892B94}"
EndProject
Project("{FAE04EC0-301F-11D3-BF4B-00C04F79EFBC}") = "MoneyPlanning.DomainLogic", "MoneyPlanning.DomainLogic\MoneyPlanning.DomainLogic.csproj", "{1170F62E-D809-4C6C-9719-B60ECDC9CDF0}"
EndProject
Project("{FAE04EC0-301F-11D3-BF4B-00C04F79EFBC}") = "MoneyPlanning.Tests", "MoneyPlanning.Tests\MoneyPlanning.Tests.csproj", "{0928AAFF-81C9-47F8-A05D-40ADB77F703B}"
EndProject
Global
	GlobalSection(SolutionConfigurationPlatforms) = preSolution
		Debug|Any CPU = Debug|Any CPU
		Release|Any CPU = Release|Any CPU
	EndGlobalSection
	GlobalSection(ProjectConfigurationPlatforms) = postSolution
		{0F76436E-59E7-4CAA-B930-74851CCFB4CA}.Debug|Any CPU.ActiveCfg = Debug|Any CPU
		{0F76436E-59E7-4CAA-B930-74851CCFB4CA}.Debug|Any CPU.Build.0 = Debug|Any CPU
		{0F76436E-59E7-4CAA-B930-74851CCFB4CA}.Release|Any CPU.ActiveCfg = Release|Any CPU
		{0F76436E-59E7-4CAA-B930-74851CCFB4CA}.Release|Any CPU.Build.0 = Release|Any CPU
		{E395E77D-DB2B-4338-B9B6-080608892B94}.Debug|Any CPU.ActiveCfg = Debug|Any CPU
		{E395E77D-DB2B-4338-B9B6-080608892B94}.Debug|Any CPU.Build.0 = Debug|Any CPU
		{E395E77D-DB2B-4338-B9B6-080608892B94}.Release|Any CPU.ActiveCfg = Release|Any CPU
		{E395E77D-DB2B-4338-B9B6-080608892B94}.Release|Any CPU.Build.0 = Release|Any CPU
		{1170F62E-D809-4C6C-9719-B60ECDC9CDF0}.Debug|Any CPU.ActiveCfg = Debug|Any CPU
		{1170F62E-D809-4C6C-9719-B60ECDC9CDF0}.Debug|Any CPU.Build.0 = Debug|Any CPU
		{1170F62E-D809-4C6C-9719-B60ECDC9CDF0}.Release|Any CPU.ActiveCfg = Release|Any CPU
		{1170F62E-D809-4C6C-9719-B60ECDC9CDF0}.Release|Any CPU.Build.0 = Release|Any CPU
		{0928AAFF-81C9-47F8-A05D-40ADB77F703B}.Debug|Any CPU.ActiveCfg = Debug|Any CPU
		{0928AAFF-81C9-47F8-A05D-40ADB77F703B}.Debug|Any CPU.Build.0 = Debug|Any CPU
		{0928AAFF-81C9-47F8-A05D-40ADB77F703B}.Release|Any CPU.ActiveCfg = Release|Any CPU
		{0928AAFF-81C9-47F8-A05D-40ADB77F703B}.Release|Any CPU.Build.0 = Release|Any CPU
	EndGlobalSection
	GlobalSection(SolutionProperties) = preSolution
		HideSolutionNode = FALSE
	EndGlobalSection
	GlobalSection(ExtensibilityGlobals) = postSolution
		SolutionGuid = {6DB0A2C1-66D4-49B8-85F3-AF9317313707}
	EndGlobalSection
EndGlobal
